
Microsoft Visual Studio Solution File, Format Version 12.00
# Visual Studio Version 17
VisualStudioVersion = 17.4.33403.182
MinimumVisualStudioVersion = 10.0.40219.1
Project("{FAE04EC0-301F-11D3-BF4B-00C04F79EFBC}") = "ASP.Net_Meeting_18_Identity", "ASP.Net_Meeting_18_Identity\ASP.Net_Meeting_18_Identity.csproj", "{1085076E-11F3-4D95-94A5-8E9E5CB0B488}"
EndProject
Global
	GlobalSection(SolutionConfigurationPlatforms) = preSolution
		Debug|Any CPU = Debug|Any CPU
		Release|Any CPU = Release|Any CPU
	EndGlobalSection
	GlobalSection(ProjectConfigurationPlatforms) = postSolution
		{1085076E-11F3-4D95-94A5-8E9E5CB0B488}.Debug|Any CPU.ActiveCfg = Debug|Any CPU
		{1085076E-11F3-4D95-94A5-8E9E5CB0B488}.Debug|Any CPU.Build.0 = Debug|Any CPU
		{1085076E-11F3-4D95-94A5-8E9E5CB0B488}.Release|Any CPU.ActiveCfg = Release|Any CPU
		{1085076E-11F3-4D95-94A5-8E9E5CB0B488}.Release|Any CPU.Build.0 = Release|Any CPU
	EndGlobalSection
	GlobalSection(SolutionProperties) = preSolution
		HideSolutionNode = FALSE
	EndGlobalSection
	GlobalSection(ExtensibilityGlobals) = postSolution
		SolutionGuid = {06483F14-C25D-4AA7-B039-503572AD2F71}
	EndGlobalSection
EndGlobal
